// !$*UTF8*$!
{
	archiveVersion = 1;
	classes = {
	};
	objectVersion = 50;
	objects = {

/* Begin PBXBuildFile section */
		6CB4CB7F22A59FCA005A23BE /* AppDelegate.swift in Sources */ = {isa = PBXBuildFile; fileRef = 6CB4CB7E22A59FCA005A23BE /* AppDelegate.swift */; };
		6CB4CB8422A59FCA005A23BE /* Main.storyboard in Resources */ = {isa = PBXBuildFile; fileRef = 6CB4CB8222A59FCA005A23BE /* Main.storyboard */; };
		6CB4CB8722A59FCA005A23BE /* Translate.xcdatamodeld in Sources */ = {isa = PBXBuildFile; fileRef = 6CB4CB8522A59FCA005A23BE /* Translate.xcdatamodeld */; };
		6CB4CB8922A59FCB005A23BE /* Assets.xcassets in Resources */ = {isa = PBXBuildFile; fileRef = 6CB4CB8822A59FCB005A23BE /* Assets.xcassets */; };
		6CB4CB8C22A59FCB005A23BE /* LaunchScreen.storyboard in Resources */ = {isa = PBXBuildFile; fileRef = 6CB4CB8A22A59FCB005A23BE /* LaunchScreen.storyboard */; };
		6CB4CB9422A5A38B005A23BE /* ContentModuleAssembly.swift in Sources */ = {isa = PBXBuildFile; fileRef = 6CB4CB9322A5A38B005A23BE /* ContentModuleAssembly.swift */; };
		6CB4CB9B22A5A532005A23BE /* ContentModuleViewController.swift in Sources */ = {isa = PBXBuildFile; fileRef = 6CB4CB9A22A5A532005A23BE /* ContentModuleViewController.swift */; };
		6CB4CB9F22A5A65D005A23BE /* TranslateViewController.swift in Sources */ = {isa = PBXBuildFile; fileRef = 6CB4CB9E22A5A65D005A23BE /* TranslateViewController.swift */; };
		6CB4CBA122A5A66E005A23BE /* TranslatePresenter.swift in Sources */ = {isa = PBXBuildFile; fileRef = 6CB4CBA022A5A66E005A23BE /* TranslatePresenter.swift */; };
		6CB4CBA322A5A67C005A23BE /* TranslateInteractor.swift in Sources */ = {isa = PBXBuildFile; fileRef = 6CB4CBA222A5A67C005A23BE /* TranslateInteractor.swift */; };
		6CB4CBA522A5A68B005A23BE /* TranslateRouter.swift in Sources */ = {isa = PBXBuildFile; fileRef = 6CB4CBA422A5A68B005A23BE /* TranslateRouter.swift */; };
		6CB4CBA722A5A69D005A23BE /* TranslateAssembly.swift in Sources */ = {isa = PBXBuildFile; fileRef = 6CB4CBA622A5A69D005A23BE /* TranslateAssembly.swift */; };
		6CB4CBAC22A5ABBF005A23BE /* ListTranslatesViewController.swift in Sources */ = {isa = PBXBuildFile; fileRef = 6CB4CBAB22A5ABBF005A23BE /* ListTranslatesViewController.swift */; };
		6CB4CBAE22A5ABC9005A23BE /* ListTranslatesPresenter.swift in Sources */ = {isa = PBXBuildFile; fileRef = 6CB4CBAD22A5ABC9005A23BE /* ListTranslatesPresenter.swift */; };
		6CB4CBB022A5ABD9005A23BE /* ListTranslatesInteractor.swift in Sources */ = {isa = PBXBuildFile; fileRef = 6CB4CBAF22A5ABD9005A23BE /* ListTranslatesInteractor.swift */; };
		6CB4CBB222A5ABE4005A23BE /* ListTranslatesRouter.swift in Sources */ = {isa = PBXBuildFile; fileRef = 6CB4CBB122A5ABE4005A23BE /* ListTranslatesRouter.swift */; };
		6CB4CBB422A5ABF5005A23BE /* ListTranslatesAssmbly.swift in Sources */ = {isa = PBXBuildFile; fileRef = 6CB4CBB322A5ABF5005A23BE /* ListTranslatesAssmbly.swift */; };
		6CB4CBB722A5BA4C005A23BE /* TranslateService.swift in Sources */ = {isa = PBXBuildFile; fileRef = 6CB4CBB622A5BA4C005A23BE /* TranslateService.swift */; };
		6CB4CBB922A5BA79005A23BE /* TranslateEndpoint.swift in Sources */ = {isa = PBXBuildFile; fileRef = 6CB4CBB822A5BA79005A23BE /* TranslateEndpoint.swift */; };
		6CB4CBBC22A5BC0C005A23BE /* WordTranslation.swift in Sources */ = {isa = PBXBuildFile; fileRef = 6CB4CBBB22A5BC0C005A23BE /* WordTranslation.swift */; };
		6CB4CBBF22A5BD05005A23BE /* NetworkClient.swift in Sources */ = {isa = PBXBuildFile; fileRef = 6CB4CBBE22A5BD05005A23BE /* NetworkClient.swift */; };
		6CB4CBC422A5BF4E005A23BE /* ServerError.swift in Sources */ = {isa = PBXBuildFile; fileRef = 6CB4CBC322A5BF4E005A23BE /* ServerError.swift */; };
		6CB4CBC822A5C6D0005A23BE /* StorageService.swift in Sources */ = {isa = PBXBuildFile; fileRef = 6CB4CBC722A5C6D0005A23BE /* StorageService.swift */; };
/* End PBXBuildFile section */

/* Begin PBXFileReference section */
		6CB4CB7B22A59FCA005A23BE /* Translate.app */ = {isa = PBXFileReference; explicitFileType = wrapper.application; includeInIndex = 0; path = Translate.app; sourceTree = BUILT_PRODUCTS_DIR; };
		6CB4CB7E22A59FCA005A23BE /* AppDelegate.swift */ = {isa = PBXFileReference; lastKnownFileType = sourcecode.swift; path = AppDelegate.swift; sourceTree = "<group>"; };
		6CB4CB8322A59FCA005A23BE /* Base */ = {isa = PBXFileReference; lastKnownFileType = file.storyboard; name = Base; path = Base.lproj/Main.storyboard; sourceTree = "<group>"; };
		6CB4CB8622A59FCA005A23BE /* Translate.xcdatamodel */ = {isa = PBXFileReference; lastKnownFileType = wrapper.xcdatamodel; path = Translate.xcdatamodel; sourceTree = "<group>"; };
		6CB4CB8822A59FCB005A23BE /* Assets.xcassets */ = {isa = PBXFileReference; lastKnownFileType = folder.assetcatalog; path = Assets.xcassets; sourceTree = "<group>"; };
		6CB4CB8B22A59FCB005A23BE /* Base */ = {isa = PBXFileReference; lastKnownFileType = file.storyboard; name = Base; path = Base.lproj/LaunchScreen.storyboard; sourceTree = "<group>"; };
		6CB4CB8D22A59FCB005A23BE /* Info.plist */ = {isa = PBXFileReference; lastKnownFileType = text.plist.xml; path = Info.plist; sourceTree = "<group>"; };
		6CB4CB9322A5A38B005A23BE /* ContentModuleAssembly.swift */ = {isa = PBXFileReference; lastKnownFileType = sourcecode.swift; path = ContentModuleAssembly.swift; sourceTree = "<group>"; };
		6CB4CB9A22A5A532005A23BE /* ContentModuleViewController.swift */ = {isa = PBXFileReference; lastKnownFileType = sourcecode.swift; path = ContentModuleViewController.swift; sourceTree = "<group>"; };
		6CB4CB9E22A5A65D005A23BE /* TranslateViewController.swift */ = {isa = PBXFileReference; lastKnownFileType = sourcecode.swift; path = TranslateViewController.swift; sourceTree = "<group>"; };
		6CB4CBA022A5A66E005A23BE /* TranslatePresenter.swift */ = {isa = PBXFileReference; lastKnownFileType = sourcecode.swift; path = TranslatePresenter.swift; sourceTree = "<group>"; };
		6CB4CBA222A5A67C005A23BE /* TranslateInteractor.swift */ = {isa = PBXFileReference; lastKnownFileType = sourcecode.swift; path = TranslateInteractor.swift; sourceTree = "<group>"; };
		6CB4CBA422A5A68B005A23BE /* TranslateRouter.swift */ = {isa = PBXFileReference; lastKnownFileType = sourcecode.swift; path = TranslateRouter.swift; sourceTree = "<group>"; };
		6CB4CBA622A5A69D005A23BE /* TranslateAssembly.swift */ = {isa = PBXFileReference; lastKnownFileType = sourcecode.swift; path = TranslateAssembly.swift; sourceTree = "<group>"; };
		6CB4CBAB22A5ABBF005A23BE /* ListTranslatesViewController.swift */ = {isa = PBXFileReference; lastKnownFileType = sourcecode.swift; path = ListTranslatesViewController.swift; sourceTree = "<group>"; };
		6CB4CBAD22A5ABC9005A23BE /* ListTranslatesPresenter.swift */ = {isa = PBXFileReference; lastKnownFileType = sourcecode.swift; path = ListTranslatesPresenter.swift; sourceTree = "<group>"; };
		6CB4CBAF22A5ABD9005A23BE /* ListTranslatesInteractor.swift */ = {isa = PBXFileReference; lastKnownFileType = sourcecode.swift; path = ListTranslatesInteractor.swift; sourceTree = "<group>"; };
		6CB4CBB122A5ABE4005A23BE /* ListTranslatesRouter.swift */ = {isa = PBXFileReference; lastKnownFileType = sourcecode.swift; path = ListTranslatesRouter.swift; sourceTree = "<group>"; };
		6CB4CBB322A5ABF5005A23BE /* ListTranslatesAssmbly.swift */ = {isa = PBXFileReference; lastKnownFileType = sourcecode.swift; path = ListTranslatesAssmbly.swift; sourceTree = "<group>"; };
		6CB4CBB622A5BA4C005A23BE /* TranslateService.swift */ = {isa = PBXFileReference; lastKnownFileType = sourcecode.swift; path = TranslateService.swift; sourceTree = "<group>"; };
		6CB4CBB822A5BA79005A23BE /* TranslateEndpoint.swift */ = {isa = PBXFileReference; lastKnownFileType = sourcecode.swift; path = TranslateEndpoint.swift; sourceTree = "<group>"; };
		6CB4CBBB22A5BC0C005A23BE /* WordTranslation.swift */ = {isa = PBXFileReference; lastKnownFileType = sourcecode.swift; path = WordTranslation.swift; sourceTree = "<group>"; };
		6CB4CBBE22A5BD05005A23BE /* NetworkClient.swift */ = {isa = PBXFileReference; lastKnownFileType = sourcecode.swift; path = NetworkClient.swift; sourceTree = "<group>"; };
		6CB4CBC322A5BF4E005A23BE /* ServerError.swift */ = {isa = PBXFileReference; lastKnownFileType = sourcecode.swift; path = ServerError.swift; sourceTree = "<group>"; };
		6CB4CBC722A5C6D0005A23BE /* StorageService.swift */ = {isa = PBXFileReference; lastKnownFileType = sourcecode.swift; path = StorageService.swift; sourceTree = "<group>"; };
/* End PBXFileReference section */

/* Begin PBXFrameworksBuildPhase section */
		6CB4CB7822A59FCA005A23BE /* Frameworks */ = {
			isa = PBXFrameworksBuildPhase;
			buildActionMask = 2147483647;
			files = (
			);
			runOnlyForDeploymentPostprocessing = 0;
		};
/* End PBXFrameworksBuildPhase section */

/* Begin PBXGroup section */
		6CB4CB7222A59FCA005A23BE = {
			isa = PBXGroup;
			children = (
				6CB4CB7D22A59FCA005A23BE /* Translate */,
				6CB4CB7C22A59FCA005A23BE /* Products */,
			);
			sourceTree = "<group>";
		};
		6CB4CB7C22A59FCA005A23BE /* Products */ = {
			isa = PBXGroup;
			children = (
				6CB4CB7B22A59FCA005A23BE /* Translate.app */,
			);
			name = Products;
			sourceTree = "<group>";
		};
		6CB4CB7D22A59FCA005A23BE /* Translate */ = {
			isa = PBXGroup;
			children = (
				6CB4CBBD22A5BCD6005A23BE /* Core */,
				6CB4CBBA22A5BBE3005A23BE /* Entites */,
				6CB4CBB522A5BA36005A23BE /* Service */,
				6CB4CB9D22A5A643005A23BE /* Modules */,
				6CB4CB7E22A59FCA005A23BE /* AppDelegate.swift */,
				6CB4CB8222A59FCA005A23BE /* Main.storyboard */,
				6CB4CB8822A59FCB005A23BE /* Assets.xcassets */,
				6CB4CB8A22A59FCB005A23BE /* LaunchScreen.storyboard */,
				6CB4CB8D22A59FCB005A23BE /* Info.plist */,
				6CB4CB8522A59FCA005A23BE /* Translate.xcdatamodeld */,
			);
			path = Translate;
			sourceTree = "<group>";
		};
		6CB4CB9522A5A4F8005A23BE /* ContentModuleAssembly */ = {
			isa = PBXGroup;
			children = (
				6CB4CB9322A5A38B005A23BE /* ContentModuleAssembly.swift */,
				6CB4CB9A22A5A532005A23BE /* ContentModuleViewController.swift */,
			);
			path = ContentModuleAssembly;
			sourceTree = "<group>";
		};
		6CB4CB9C22A5A63E005A23BE /* Translate */ = {
			isa = PBXGroup;
			children = (
				6CB4CBA622A5A69D005A23BE /* TranslateAssembly.swift */,
				6CB4CBA422A5A68B005A23BE /* TranslateRouter.swift */,
				6CB4CBA222A5A67C005A23BE /* TranslateInteractor.swift */,
				6CB4CBA022A5A66E005A23BE /* TranslatePresenter.swift */,
				6CB4CB9E22A5A65D005A23BE /* TranslateViewController.swift */,
			);
			path = Translate;
			sourceTree = "<group>";
		};
		6CB4CB9D22A5A643005A23BE /* Modules */ = {
			isa = PBXGroup;
			children = (
				6CB4CB9522A5A4F8005A23BE /* ContentModuleAssembly */,
				6CB4CB9C22A5A63E005A23BE /* Translate */,
				6CB4CBAA22A5ABAC005A23BE /* ListTranslates */,
			);
			path = Modules;
			sourceTree = "<group>";
		};
		6CB4CBAA22A5ABAC005A23BE /* ListTranslates */ = {
			isa = PBXGroup;
			children = (
				6CB4CBB322A5ABF5005A23BE /* ListTranslatesAssmbly.swift */,
				6CB4CBB122A5ABE4005A23BE /* ListTranslatesRouter.swift */,
				6CB4CBAF22A5ABD9005A23BE /* ListTranslatesInteractor.swift */,
				6CB4CBAD22A5ABC9005A23BE /* ListTranslatesPresenter.swift */,
				6CB4CBAB22A5ABBF005A23BE /* ListTranslatesViewController.swift */,
			);
			path = ListTranslates;
			sourceTree = "<group>";
		};
		6CB4CBB522A5BA36005A23BE /* Service */ = {
			isa = PBXGroup;
			children = (
				6CB4CBC622A5C5AE005A23BE /* StorageService */,
				6CB4CBC522A5C5A5005A23BE /* TranslateService */,
			);
			path = Service;
			sourceTree = "<group>";
		};
		6CB4CBBA22A5BBE3005A23BE /* Entites */ = {
			isa = PBXGroup;
			children = (
				6CB4CBBB22A5BC0C005A23BE /* WordTranslation.swift */,
			);
			path = Entites;
			sourceTree = "<group>";
		};
		6CB4CBBD22A5BCD6005A23BE /* Core */ = {
			isa = PBXGroup;
			children = (
				6CB4CBBE22A5BD05005A23BE /* NetworkClient.swift */,
				6CB4CBC322A5BF4E005A23BE /* ServerError.swift */,
			);
			path = Core;
			sourceTree = "<group>";
		};
		6CB4CBC522A5C5A5005A23BE /* TranslateService */ = {
			isa = PBXGroup;
			children = (
				6CB4CBB622A5BA4C005A23BE /* TranslateService.swift */,
				6CB4CBB822A5BA79005A23BE /* TranslateEndpoint.swift */,
			);
			path = TranslateService;
			sourceTree = "<group>";
		};
		6CB4CBC622A5C5AE005A23BE /* StorageService */ = {
			isa = PBXGroup;
			children = (
				6CB4CBC722A5C6D0005A23BE /* StorageService.swift */,
			);
			path = StorageService;
			sourceTree = "<group>";
		};
/* End PBXGroup section */

/* Begin PBXNativeTarget section */
		6CB4CB7A22A59FCA005A23BE /* Translate */ = {
			isa = PBXNativeTarget;
			buildConfigurationList = 6CB4CB9022A59FCB005A23BE /* Build configuration list for PBXNativeTarget "Translate" */;
			buildPhases = (
				6CB4CB7722A59FCA005A23BE /* Sources */,
				6CB4CB7822A59FCA005A23BE /* Frameworks */,
				6CB4CB7922A59FCA005A23BE /* Resources */,
			);
			buildRules = (
			);
			dependencies = (
			);
			name = Translate;
			productName = Translate;
			productReference = 6CB4CB7B22A59FCA005A23BE /* Translate.app */;
			productType = "com.apple.product-type.application";
		};
/* End PBXNativeTarget section */

/* Begin PBXProject section */
		6CB4CB7322A59FCA005A23BE /* Project object */ = {
			isa = PBXProject;
			attributes = {
				LastSwiftUpdateCheck = 1020;
				LastUpgradeCheck = 1020;
				ORGANIZATIONNAME = Evgen;
				TargetAttributes = {
					6CB4CB7A22A59FCA005A23BE = {
						CreatedOnToolsVersion = 10.2.1;
					};
				};
			};
			buildConfigurationList = 6CB4CB7622A59FCA005A23BE /* Build configuration list for PBXProject "Translate" */;
			compatibilityVersion = "Xcode 9.3";
			developmentRegion = en;
			hasScannedForEncodings = 0;
			knownRegions = (
				en,
				Base,
			);
			mainGroup = 6CB4CB7222A59FCA005A23BE;
			productRefGroup = 6CB4CB7C22A59FCA005A23BE /* Products */;
			projectDirPath = "";
			projectRoot = "";
			targets = (
				6CB4CB7A22A59FCA005A23BE /* Translate */,
			);
		};
/* End PBXProject section */

/* Begin PBXResourcesBuildPhase section */
		6CB4CB7922A59FCA005A23BE /* Resources */ = {
			isa = PBXResourcesBuildPhase;
			buildActionMask = 2147483647;
			files = (
				6CB4CB8C22A59FCB005A23BE /* LaunchScreen.storyboard in Resources */,
				6CB4CB8922A59FCB005A23BE /* Assets.xcassets in Resources */,
				6CB4CB8422A59FCA005A23BE /* Main.storyboard in Resources */,
			);
			runOnlyForDeploymentPostprocessing = 0;
		};
/* End PBXResourcesBuildPhase section */

/* Begin PBXSourcesBuildPhase section */
		6CB4CB7722A59FCA005A23BE /* Sources */ = {
			isa = PBXSourcesBuildPhase;
			buildActionMask = 2147483647;
			files = (
				6CB4CB9B22A5A532005A23BE /* ContentModuleViewController.swift in Sources */,
				6CB4CBB922A5BA79005A23BE /* TranslateEndpoint.swift in Sources */,
				6CB4CBAC22A5ABBF005A23BE /* ListTranslatesViewController.swift in Sources */,
				6CB4CB9F22A5A65D005A23BE /* TranslateViewController.swift in Sources */,
				6CB4CBC422A5BF4E005A23BE /* ServerError.swift in Sources */,
				6CB4CBC822A5C6D0005A23BE /* StorageService.swift in Sources */,
				6CB4CBB222A5ABE4005A23BE /* ListTranslatesRouter.swift in Sources */,
				6CB4CBBF22A5BD05005A23BE /* NetworkClient.swift in Sources */,
				6CB4CB9422A5A38B005A23BE /* ContentModuleAssembly.swift in Sources */,
				6CB4CB8722A59FCA005A23BE /* Translate.xcdatamodeld in Sources */,
				6CB4CBB722A5BA4C005A23BE /* TranslateService.swift in Sources */,
				6CB4CBB422A5ABF5005A23BE /* ListTranslatesAssmbly.swift in Sources */,
				6CB4CBB022A5ABD9005A23BE /* ListTranslatesInteractor.swift in Sources */,
				6CB4CBBC22A5BC0C005A23BE /* WordTranslation.swift in Sources */,
				6CB4CBA322A5A67C005A23BE /* TranslateInteractor.swift in Sources */,
				6CB4CB7F22A59FCA005A23BE /* AppDelegate.swift in Sources */,
				6CB4CBA722A5A69D005A23BE /* TranslateAssembly.swift in Sources */,
				6CB4CBA122A5A66E005A23BE /* TranslatePresenter.swift in Sources */,
				6CB4CBA522A5A68B005A23BE /* TranslateRouter.swift in Sources */,
				6CB4CBAE22A5ABC9005A23BE /* ListTranslatesPresenter.swift in Sources */,
			);
			runOnlyForDeploymentPostprocessing = 0;
		};
/* End PBXSourcesBuildPhase section */

/* Begin PBXVariantGroup section */
		6CB4CB8222A59FCA005A23BE /* Main.storyboard */ = {
			isa = PBXVariantGroup;
			children = (
				6CB4CB8322A59FCA005A23BE /* Base */,
			);
			name = Main.storyboard;
			sourceTree = "<group>";
		};
		6CB4CB8A22A59FCB005A23BE /* LaunchScreen.storyboard */ = {
			isa = PBXVariantGroup;
			children = (
				6CB4CB8B22A59FCB005A23BE /* Base */,
			);
			name = LaunchScreen.storyboard;
			sourceTree = "<group>";
		};
/* End PBXVariantGroup section */

/* Begin XCBuildConfiguration section */
		6CB4CB8E22A59FCB005A23BE /* Debug */ = {
			isa = XCBuildConfiguration;
			buildSettings = {
				ALWAYS_SEARCH_USER_PATHS = NO;
				CLANG_ANALYZER_NONNULL = YES;
				CLANG_ANALYZER_NUMBER_OBJECT_CONVERSION = YES_AGGRESSIVE;
				CLANG_CXX_LANGUAGE_STANDARD = "gnu++14";
				CLANG_CXX_LIBRARY = "libc++";
				CLANG_ENABLE_MODULES = YES;
				CLANG_ENABLE_OBJC_ARC = YES;
				CLANG_ENABLE_OBJC_WEAK = YES;
				CLANG_WARN_BLOCK_CAPTURE_AUTORELEASING = YES;
				CLANG_WARN_BOOL_CONVERSION = YES;
				CLANG_WARN_COMMA = YES;
				CLANG_WARN_CONSTANT_CONVERSION = YES;
				CLANG_WARN_DEPRECATED_OBJC_IMPLEMENTATIONS = YES;
				CLANG_WARN_DIRECT_OBJC_ISA_USAGE = YES_ERROR;
				CLANG_WARN_DOCUMENTATION_COMMENTS = YES;
				CLANG_WARN_EMPTY_BODY = YES;
				CLANG_WARN_ENUM_CONVERSION = YES;
				CLANG_WARN_INFINITE_RECURSION = YES;
				CLANG_WARN_INT_CONVERSION = YES;
				CLANG_WARN_NON_LITERAL_NULL_CONVERSION = YES;
				CLANG_WARN_OBJC_IMPLICIT_RETAIN_SELF = YES;
				CLANG_WARN_OBJC_LITERAL_CONVERSION = YES;
				CLANG_WARN_OBJC_ROOT_CLASS = YES_ERROR;
				CLANG_WARN_RANGE_LOOP_ANALYSIS = YES;
				CLANG_WARN_STRICT_PROTOTYPES = YES;
				CLANG_WARN_SUSPICIOUS_MOVE = YES;
				CLANG_WARN_UNGUARDED_AVAILABILITY = YES_AGGRESSIVE;
				CLANG_WARN_UNREACHABLE_CODE = YES;
				CLANG_WARN__DUPLICATE_METHOD_MATCH = YES;
				CODE_SIGN_IDENTITY = "iPhone Developer";
				COPY_PHASE_STRIP = NO;
				DEBUG_INFORMATION_FORMAT = dwarf;
				ENABLE_STRICT_OBJC_MSGSEND = YES;
				ENABLE_TESTABILITY = YES;
				GCC_C_LANGUAGE_STANDARD = gnu11;
				GCC_DYNAMIC_NO_PIC = NO;
				GCC_NO_COMMON_BLOCKS = YES;
				GCC_OPTIMIZATION_LEVEL = 0;
				GCC_PREPROCESSOR_DEFINITIONS = (
					"DEBUG=1",
					"$(inherited)",
				);
				GCC_WARN_64_TO_32_BIT_CONVERSION = YES;
				GCC_WARN_ABOUT_RETURN_TYPE = YES_ERROR;
				GCC_WARN_UNDECLARED_SELECTOR = YES;
				GCC_WARN_UNINITIALIZED_AUTOS = YES_AGGRESSIVE;
				GCC_WARN_UNUSED_FUNCTION = YES;
				GCC_WARN_UNUSED_VARIABLE = YES;
				IPHONEOS_DEPLOYMENT_TARGET = 12.2;
				MTL_ENABLE_DEBUG_INFO = INCLUDE_SOURCE;
				MTL_FAST_MATH = YES;
				ONLY_ACTIVE_ARCH = YES;
				SDKROOT = iphoneos;
				SWIFT_ACTIVE_COMPILATION_CONDITIONS = DEBUG;
				SWIFT_OPTIMIZATION_LEVEL = "-Onone";
			};
			name = Debug;
		};
		6CB4CB8F22A59FCB005A23BE /* Release */ = {
			isa = XCBuildConfiguration;
			buildSettings = {
				ALWAYS_SEARCH_USER_PATHS = NO;
				CLANG_ANALYZER_NONNULL = YES;
				CLANG_ANALYZER_NUMBER_OBJECT_CONVERSION = YES_AGGRESSIVE;
				CLANG_CXX_LANGUAGE_STANDARD = "gnu++14";
				CLANG_CXX_LIBRARY = "libc++";
				CLANG_ENABLE_MODULES = YES;
				CLANG_ENABLE_OBJC_ARC = YES;
				CLANG_ENABLE_OBJC_WEAK = YES;
				CLANG_WARN_BLOCK_CAPTURE_AUTORELEASING = YES;
				CLANG_WARN_BOOL_CONVERSION = YES;
				CLANG_WARN_COMMA = YES;
				CLANG_WARN_CONSTANT_CONVERSION = YES;
				CLANG_WARN_DEPRECATED_OBJC_IMPLEMENTATIONS = YES;
				CLANG_WARN_DIRECT_OBJC_ISA_USAGE = YES_ERROR;
				CLANG_WARN_DOCUMENTATION_COMMENTS = YES;
				CLANG_WARN_EMPTY_BODY = YES;
				CLANG_WARN_ENUM_CONVERSION = YES;
				CLANG_WARN_INFINITE_RECURSION = YES;
				CLANG_WARN_INT_CONVERSION = YES;
				CLANG_WARN_NON_LITERAL_NULL_CONVERSION = YES;
				CLANG_WARN_OBJC_IMPLICIT_RETAIN_SELF = YES;
				CLANG_WARN_OBJC_LITERAL_CONVERSION = YES;
				CLANG_WARN_OBJC_ROOT_CLASS = YES_ERROR;
				CLANG_WARN_RANGE_LOOP_ANALYSIS = YES;
				CLANG_WARN_STRICT_PROTOTYPES = YES;
				CLANG_WARN_SUSPICIOUS_MOVE = YES;
				CLANG_WARN_UNGUARDED_AVAILABILITY = YES_AGGRESSIVE;
				CLANG_WARN_UNREACHABLE_CODE = YES;
				CLANG_WARN__DUPLICATE_METHOD_MATCH = YES;
				CODE_SIGN_IDENTITY = "iPhone Developer";
				COPY_PHASE_STRIP = NO;
				DEBUG_INFORMATION_FORMAT = "dwarf-with-dsym";
				ENABLE_NS_ASSERTIONS = NO;
				ENABLE_STRICT_OBJC_MSGSEND = YES;
				GCC_C_LANGUAGE_STANDARD = gnu11;
				GCC_NO_COMMON_BLOCKS = YES;
				GCC_WARN_64_TO_32_BIT_CONVERSION = YES;
				GCC_WARN_ABOUT_RETURN_TYPE = YES_ERROR;
				GCC_WARN_UNDECLARED_SELECTOR = YES;
				GCC_WARN_UNINITIALIZED_AUTOS = YES_AGGRESSIVE;
				GCC_WARN_UNUSED_FUNCTION = YES;
				GCC_WARN_UNUSED_VARIABLE = YES;
				IPHONEOS_DEPLOYMENT_TARGET = 12.2;
				MTL_ENABLE_DEBUG_INFO = NO;
				MTL_FAST_MATH = YES;
				SDKROOT = iphoneos;
				SWIFT_COMPILATION_MODE = wholemodule;
				SWIFT_OPTIMIZATION_LEVEL = "-O";
				VALIDATE_PRODUCT = YES;
			};
			name = Release;
		};
		6CB4CB9122A59FCB005A23BE /* Debug */ = {
			isa = XCBuildConfiguration;
			buildSettings = {
				ASSETCATALOG_COMPILER_APPICON_NAME = AppIcon;
				CODE_SIGN_STYLE = Automatic;
				DEVELOPMENT_TEAM = 94578BCSLP;
				INFOPLIST_FILE = Translate/Info.plist;
				LD_RUNPATH_SEARCH_PATHS = (
					"$(inherited)",
					"@executable_path/Frameworks",
				);
				PRODUCT_BUNDLE_IDENTIFIER = testhh.com.Translate;
				PRODUCT_NAME = "$(TARGET_NAME)";
				SWIFT_VERSION = 5.0;
				TARGETED_DEVICE_FAMILY = "1,2";
			};
			name = Debug;
		};
		6CB4CB9222A59FCB005A23BE /* Release */ = {
			isa = XCBuildConfiguration;
			buildSettings = {
				ASSETCATALOG_COMPILER_APPICON_NAME = AppIcon;
				CODE_SIGN_STYLE = Automatic;
				DEVELOPMENT_TEAM = 94578BCSLP;
				INFOPLIST_FILE = Translate/Info.plist;
				LD_RUNPATH_SEARCH_PATHS = (
					"$(inherited)",
					"@executable_path/Frameworks",
				);
				PRODUCT_BUNDLE_IDENTIFIER = testhh.com.Translate;
				PRODUCT_NAME = "$(TARGET_NAME)";
				SWIFT_VERSION = 5.0;
				TARGETED_DEVICE_FAMILY = "1,2";
			};
			name = Release;
		};
/* End XCBuildConfiguration section */

/* Begin XCConfigurationList section */
		6CB4CB7622A59FCA005A23BE /* Build configuration list for PBXProject "Translate" */ = {
			isa = XCConfigurationList;
			buildConfigurations = (
				6CB4CB8E22A59FCB005A23BE /* Debug */,
				6CB4CB8F22A59FCB005A23BE /* Release */,
			);
			defaultConfigurationIsVisible = 0;
			defaultConfigurationName = Release;
		};
		6CB4CB9022A59FCB005A23BE /* Build configuration list for PBXNativeTarget "Translate" */ = {
			isa = XCConfigurationList;
			buildConfigurations = (
				6CB4CB9122A59FCB005A23BE /* Debug */,
				6CB4CB9222A59FCB005A23BE /* Release */,
			);
			defaultConfigurationIsVisible = 0;
			defaultConfigurationName = Release;
		};
/* End XCConfigurationList section */

/* Begin XCVersionGroup section */
		6CB4CB8522A59FCA005A23BE /* Translate.xcdatamodeld */ = {
			isa = XCVersionGroup;
			children = (
				6CB4CB8622A59FCA005A23BE /* Translate.xcdatamodel */,
			);
			currentVersion = 6CB4CB8622A59FCA005A23BE /* Translate.xcdatamodel */;
			path = Translate.xcdatamodeld;
			sourceTree = "<group>";
			versionGroupType = wrapper.xcdatamodel;
		};
/* End XCVersionGroup section */
	};
	rootObject = 6CB4CB7322A59FCA005A23BE /* Project object */;
}
